
Microsoft Visual Studio Solution File, Format Version 12.00
# Visual Studio Version 18
VisualStudioVersion = 18.6.11723.189
MinimumVisualStudioVersion = 10.0.40219.1
Project("{2150E333-8FDC-42A3-9474-1A3956D46DE8}") = "src", "src", "{827E0CD3-B72D-47B6-A68D-7590B98EB39B}"
EndProject
Project("{FAE04EC0-301F-11D3-BF4B-00C04F79EFBC}") = "OpenHab.Core", "src\OpenHab.Core\OpenHab.Core.csproj", "{8E1B9AD5-8D80-4799-838A-D0472BA6A8D6}"
EndProject
Project("{FAE04EC0-301F-11D3-BF4B-00C04F79EFBC}") = "OpenHab.Sitemaps", "src\OpenHab.Sitemaps\OpenHab.Sitemaps.csproj", "{C1B47C63-C543-4DB0-B0E2-8C797264F3BB}"
EndProject
Project("{FAE04EC0-301F-11D3-BF4B-00C04F79EFBC}") = "OpenHab.Rendering", "src\OpenHab.Rendering\OpenHab.Rendering.csproj", "{8D7B54F4-00A0-4EF6-A8A3-35B8D6539CB7}"
EndProject
Project("{2150E333-8FDC-42A3-9474-1A3956D46DE8}") = "tests", "tests", "{0AB3BF05-4346-4AA6-1389-037BE0695223}"
EndProject
Project("{FAE04EC0-301F-11D3-BF4B-00C04F79EFBC}") = "OpenHab.Core.Tests", "tests\OpenHab.Core.Tests\OpenHab.Core.Tests.csproj", "{350EE5F8-613E-4E2D-AA84-0DF702F7A477}"
EndProject
Project("{FAE04EC0-301F-11D3-BF4B-00C04F79EFBC}") = "OpenHab.Sitemaps.Tests", "tests\OpenHab.Sitemaps.Tests\OpenHab.Sitemaps.Tests.csproj", "{2ACE0D60-113F-45B3-9A51-42AA02AF6013}"
EndProject
Project("{FAE04EC0-301F-11D3-BF4B-00C04F79EFBC}") = "OpenHab.Rendering.Tests", "tests\OpenHab.Rendering.Tests\OpenHab.Rendering.Tests.csproj", "{44A65C28-672F-43D0-A650-A9D89C10D431}"
EndProject
Project("{FAE04EC0-301F-11D3-BF4B-00C04F79EFBC}") = "OpenHab.App", "src\OpenHab.App\OpenHab.App.csproj", "{0CDDBDEA-77F3-46A7-BA64-C172FECC6631}"
EndProject
Project("{FAE04EC0-301F-11D3-BF4B-00C04F79EFBC}") = "OpenHab.App.Tests", "tests\OpenHab.App.Tests\OpenHab.App.Tests.csproj", "{D155993E-0BFF-4564-A8F9-BE93CE6E6598}"
EndProject
Project("{FAE04EC0-301F-11D3-BF4B-00C04F79EFBC}") = "OpenHab.Windows.Tray", "src\OpenHab.Windows.Tray\OpenHab.Windows.Tray.csproj", "{D5040DDE-6460-434E-A08F-73CE227524E3}"
EndProject
Project("{FAE04EC0-301F-11D3-BF4B-00C04F79EFBC}") = "OpenHab.Windows.Notifications", "src\OpenHab.Windows.Notifications\OpenHab.Windows.Notifications.csproj", "{67A75575-3187-40DE-B82E-75A4522707D2}"
EndProject
Project("{C7167F0D-BC9F-4E6E-AFE1-012C56B48DB5}") = "OpenHab.Windows.Package", "src\OpenHab.Windows.Package\OpenHab.Windows.Package.wapproj", "{9C1A6F47-0E7E-4E5C-8B5F-5A0F2D6D9A11}"
EndProject
Global
	GlobalSection(SolutionConfigurationPlatforms) = preSolution
		Debug|Any CPU = Debug|Any CPU
		Debug|x64 = Debug|x64
		Debug|x86 = Debug|x86
		Release|Any CPU = Release|Any CPU
		Release|x64 = Release|x64
		Release|x86 = Release|x86
	EndGlobalSection
	GlobalSection(ProjectConfigurationPlatforms) = postSolution
		{8E1B9AD5-8D80-4799-838A-D0472BA6A8D6}.Debug|Any CPU.ActiveCfg = Debug|Any CPU
		{8E1B9AD5-8D80-4799-838A-D0472BA6A8D6}.Debug|Any CPU.Build.0 = Debug|Any CPU
		{8E1B9AD5-8D80-4799-838A-D0472BA6A8D6}.Debug|x64.ActiveCfg = Debug|Any CPU
		{8E1B9AD5-8D80-4799-838A-D0472BA6A8D6}.Debug|x64.Build.0 = Debug|Any CPU
		{8E1B9AD5-8D80-4799-838A-D0472BA6A8D6}.Debug|x86.ActiveCfg = Debug|Any CPU
		{8E1B9AD5-8D80-4799-838A-D0472BA6A8D6}.Debug|x86.Build.0 = Debug|Any CPU
		{8E1B9AD5-8D80-4799-838A-D0472BA6A8D6}.Release|Any CPU.ActiveCfg = Release|Any CPU
		{8E1B9AD5-8D80-4799-838A-D0472BA6A8D6}.Release|Any CPU.Build.0 = Release|Any CPU
		{8E1B9AD5-8D80-4799-838A-D0472BA6A8D6}.Release|x64.ActiveCfg = Release|Any CPU
		{8E1B9AD5-8D80-4799-838A-D0472BA6A8D6}.Release|x64.Build.0 = Release|Any CPU
		{8E1B9AD5-8D80-4799-838A-D0472BA6A8D6}.Release|x86.ActiveCfg = Release|Any CPU
		{8E1B9AD5-8D80-4799-838A-D0472BA6A8D6}.Release|x86.Build.0 = Release|Any CPU
		{C1B47C63-C543-4DB0-B0E2-8C797264F3BB}.Debug|Any CPU.ActiveCfg = Debug|Any CPU
		{C1B47C63-C543-4DB0-B0E2-8C797264F3BB}.Debug|Any CPU.Build.0 = Debug|Any CPU
		{C1B47C63-C543-4DB0-B0E2-8C797264F3BB}.Debug|x64.ActiveCfg = Debug|Any CPU
		{C1B47C63-C543-4DB0-B0E2-8C797264F3BB}.Debug|x64.Build.0 = Debug|Any CPU
		{C1B47C63-C543-4DB0-B0E2-8C797264F3BB}.Debug|x86.ActiveCfg = Debug|Any CPU
		{C1B47C63-C543-4DB0-B0E2-8C797264F3BB}.Debug|x86.Build.0 = Debug|Any CPU
		{C1B47C63-C543-4DB0-B0E2-8C797264F3BB}.Release|Any CPU.ActiveCfg = Release|Any CPU
		{C1B47C63-C543-4DB0-B0E2-8C797264F3BB}.Release|Any CPU.Build.0 = Release|Any CPU
		{C1B47C63-C543-4DB0-B0E2-8C797264F3BB}.Release|x64.ActiveCfg = Release|Any CPU
		{C1B47C63-C543-4DB0-B0E2-8C797264F3BB}.Release|x64.Build.0 = Release|Any CPU
		{C1B47C63-C543-4DB0-B0E2-8C797264F3BB}.Release|x86.ActiveCfg = Release|Any CPU
		{C1B47C63-C543-4DB0-B0E2-8C797264F3BB}.Release|x86.Build.0 = Release|Any CPU
		{8D7B54F4-00A0-4EF6-A8A3-35B8D6539CB7}.Debug|Any CPU.ActiveCfg = Debug|Any CPU
		{8D7B54F4-00A0-4EF6-A8A3-35B8D6539CB7}.Debug|Any CPU.Build.0 = Debug|Any CPU
		{8D7B54F4-00A0-4EF6-A8A3-35B8D6539CB7}.Debug|x64.ActiveCfg = Debug|Any CPU
		{8D7B54F4-00A0-4EF6-A8A3-35B8D6539CB7}.Debug|x64.Build.0 = Debug|Any CPU
		{8D7B54F4-00A0-4EF6-A8A3-35B8D6539CB7}.Debug|x86.ActiveCfg = Debug|Any CPU
		{8D7B54F4-00A0-4EF6-A8A3-35B8D6539CB7}.Debug|x86.Build.0 = Debug|Any CPU
		{8D7B54F4-00A0-4EF6-A8A3-35B8D6539CB7}.Release|Any CPU.ActiveCfg = Release|Any CPU
		{8D7B54F4-00A0-4EF6-A8A3-35B8D6539CB7}.Release|Any CPU.Build.0 = Release|Any CPU
		{8D7B54F4-00A0-4EF6-A8A3-35B8D6539CB7}.Release|x64.ActiveCfg = Release|Any CPU
		{8D7B54F4-00A0-4EF6-A8A3-35B8D6539CB7}.Release|x64.Build.0 = Release|Any CPU
		{8D7B54F4-00A0-4EF6-A8A3-35B8D6539CB7}.Release|x86.ActiveCfg = Release|Any CPU
		{8D7B54F4-00A0-4EF6-A8A3-35B8D6539CB7}.Release|x86.Build.0 = Release|Any CPU
		{350EE5F8-613E-4E2D-AA84-0DF702F7A477}.Debug|Any CPU.ActiveCfg = Debug|Any CPU
		{350EE5F8-613E-4E2D-AA84-0DF702F7A477}.Debug|Any CPU.Build.0 = Debug|Any CPU
		{350EE5F8-613E-4E2D-AA84-0DF702F7A477}.Debug|x64.ActiveCfg = Debug|Any CPU
		{350EE5F8-613E-4E2D-AA84-0DF702F7A477}.Debug|x64.Build.0 = Debug|Any CPU
		{350EE5F8-613E-4E2D-AA84-0DF702F7A477}.Debug|x86.ActiveCfg = Debug|Any CPU
		{350EE5F8-613E-4E2D-AA84-0DF702F7A477}.Debug|x86.Build.0 = Debug|Any CPU
		{350EE5F8-613E-4E2D-AA84-0DF702F7A477}.Release|Any CPU.ActiveCfg = Release|Any CPU
		{350EE5F8-613E-4E2D-AA84-0DF702F7A477}.Release|Any CPU.Build.0 = Release|Any CPU
		{350EE5F8-613E-4E2D-AA84-0DF702F7A477}.Release|x64.ActiveCfg = Release|Any CPU
		{350EE5F8-613E-4E2D-AA84-0DF702F7A477}.Release|x64.Build.0 = Release|Any CPU
		{350EE5F8-613E-4E2D-AA84-0DF702F7A477}.Release|x86.ActiveCfg = Release|Any CPU
		{350EE5F8-613E-4E2D-AA84-0DF702F7A477}.Release|x86.Build.0 = Release|Any CPU
		{2ACE0D60-113F-45B3-9A51-42AA02AF6013}.Debug|Any CPU.ActiveCfg = Debug|Any CPU
		{2ACE0D60-113F-45B3-9A51-42AA02AF6013}.Debug|Any CPU.Build.0 = Debug|Any CPU
		{2ACE0D60-113F-45B3-9A51-42AA02AF6013}.Debug|x64.ActiveCfg = Debug|Any CPU
		{2ACE0D60-113F-45B3-9A51-42AA02AF6013}.Debug|x64.Build.0 = Debug|Any CPU
		{2ACE0D60-113F-45B3-9A51-42AA02AF6013}.Debug|x86.ActiveCfg = Debug|Any CPU
		{2ACE0D60-113F-45B3-9A51-42AA02AF6013}.Debug|x86.Build.0 = Debug|Any CPU
		{2ACE0D60-113F-45B3-9A51-42AA02AF6013}.Release|Any CPU.ActiveCfg = Release|Any CPU
		{2ACE0D60-113F-45B3-9A51-42AA02AF6013}.Release|Any CPU.Build.0 = Release|Any CPU
		{2ACE0D60-113F-45B3-9A51-42AA02AF6013}.Release|x64.ActiveCfg = Release|Any CPU
		{2ACE0D60-113F-45B3-9A51-42AA02AF6013}.Release|x64.Build.0 = Release|Any CPU
		{2ACE0D60-113F-45B3-9A51-42AA02AF6013}.Release|x86.ActiveCfg = Release|Any CPU
		{2ACE0D60-113F-45B3-9A51-42AA02AF6013}.Release|x86.Build.0 = Release|Any CPU
		{44A65C28-672F-43D0-A650-A9D89C10D431}.Debug|Any CPU.ActiveCfg = Debug|Any CPU
		{44A65C28-672F-43D0-A650-A9D89C10D431}.Debug|Any CPU.Build.0 = Debug|Any CPU
		{44A65C28-672F-43D0-A650-A9D89C10D431}.Debug|x64.ActiveCfg = Debug|Any CPU
		{44A65C28-672F-43D0-A650-A9D89C10D431}.Debug|x64.Build.0 = Debug|Any CPU
		{44A65C28-672F-43D0-A650-A9D89C10D431}.Debug|x86.ActiveCfg = Debug|Any CPU
		{44A65C28-672F-43D0-A650-A9D89C10D431}.Debug|x86.Build.0 = Debug|Any CPU
		{44A65C28-672F-43D0-A650-A9D89C10D431}.Release|Any CPU.ActiveCfg = Release|Any CPU
		{44A65C28-672F-43D0-A650-A9D89C10D431}.Release|Any CPU.Build.0 = Release|Any CPU
		{44A65C28-672F-43D0-A650-A9D89C10D431}.Release|x64.ActiveCfg = Release|Any CPU
		{44A65C28-672F-43D0-A650-A9D89C10D431}.Release|x64.Build.0 = Release|Any CPU
		{44A65C28-672F-43D0-A650-A9D89C10D431}.Release|x86.ActiveCfg = Release|Any CPU
		{44A65C28-672F-43D0-A650-A9D89C10D431}.Release|x86.Build.0 = Release|Any CPU
		{0CDDBDEA-77F3-46A7-BA64-C172FECC6631}.Debug|Any CPU.ActiveCfg = Debug|Any CPU
		{0CDDBDEA-77F3-46A7-BA64-C172FECC6631}.Debug|Any CPU.Build.0 = Debug|Any CPU
		{0CDDBDEA-77F3-46A7-BA64-C172FECC6631}.Debug|x64.ActiveCfg = Debug|Any CPU
		{0CDDBDEA-77F3-46A7-BA64-C172FECC6631}.Debug|x64.Build.0 = Debug|Any CPU
		{0CDDBDEA-77F3-46A7-BA64-C172FECC6631}.Debug|x86.ActiveCfg = Debug|Any CPU
		{0CDDBDEA-77F3-46A7-BA64-C172FECC6631}.Debug|x86.Build.0 = Debug|Any CPU
		{0CDDBDEA-77F3-46A7-BA64-C172FECC6631}.Release|Any CPU.ActiveCfg = Release|Any CPU
		{0CDDBDEA-77F3-46A7-BA64-C172FECC6631}.Release|Any CPU.Build.0 = Release|Any CPU
		{0CDDBDEA-77F3-46A7-BA64-C172FECC6631}.Release|x64.ActiveCfg = Release|Any CPU
		{0CDDBDEA-77F3-46A7-BA64-C172FECC6631}.Release|x64.Build.0 = Release|Any CPU
		{0CDDBDEA-77F3-46A7-BA64-C172FECC6631}.Release|x86.ActiveCfg = Release|Any CPU
		{0CDDBDEA-77F3-46A7-BA64-C172FECC6631}.Release|x86.Build.0 = Release|Any CPU
		{D155993E-0BFF-4564-A8F9-BE93CE6E6598}.Debug|Any CPU.ActiveCfg = Debug|Any CPU
		{D155993E-0BFF-4564-A8F9-BE93CE6E6598}.Debug|Any CPU.Build.0 = Debug|Any CPU
		{D155993E-0BFF-4564-A8F9-BE93CE6E6598}.Debug|x64.ActiveCfg = Debug|Any CPU
		{D155993E-0BFF-4564-A8F9-BE93CE6E6598}.Debug|x64.Build.0 = Debug|Any CPU
		{D155993E-0BFF-4564-A8F9-BE93CE6E6598}.Debug|x86.ActiveCfg = Debug|Any CPU
		{D155993E-0BFF-4564-A8F9-BE93CE6E6598}.Debug|x86.Build.0 = Debug|Any CPU
		{D155993E-0BFF-4564-A8F9-BE93CE6E6598}.Release|Any CPU.ActiveCfg = Release|Any CPU
		{D155993E-0BFF-4564-A8F9-BE93CE6E6598}.Release|Any CPU.Build.0 = Release|Any CPU
		{D155993E-0BFF-4564-A8F9-BE93CE6E6598}.Release|x64.ActiveCfg = Release|Any CPU
		{D155993E-0BFF-4564-A8F9-BE93CE6E6598}.Release|x64.Build.0 = Release|Any CPU
		{D155993E-0BFF-4564-A8F9-BE93CE6E6598}.Release|x86.ActiveCfg = Release|Any CPU
		{D155993E-0BFF-4564-A8F9-BE93CE6E6598}.Release|x86.Build.0 = Release|Any CPU
		{D5040DDE-6460-434E-A08F-73CE227524E3}.Debug|Any CPU.ActiveCfg = Debug|Any CPU
		{D5040DDE-6460-434E-A08F-73CE227524E3}.Debug|Any CPU.Build.0 = Debug|Any CPU
		{D5040DDE-6460-434E-A08F-73CE227524E3}.Debug|x64.ActiveCfg = Debug|Any CPU
		{D5040DDE-6460-434E-A08F-73CE227524E3}.Debug|x64.Build.0 = Debug|Any CPU
		{D5040DDE-6460-434E-A08F-73CE227524E3}.Debug|x86.ActiveCfg = Debug|Any CPU
		{D5040DDE-6460-434E-A08F-73CE227524E3}.Debug|x86.Build.0 = Debug|Any CPU
		{D5040DDE-6460-434E-A08F-73CE227524E3}.Release|Any CPU.ActiveCfg = Release|Any CPU
		{D5040DDE-6460-434E-A08F-73CE227524E3}.Release|Any CPU.Build.0 = Release|Any CPU
		{D5040DDE-6460-434E-A08F-73CE227524E3}.Release|x64.ActiveCfg = Release|Any CPU
		{D5040DDE-6460-434E-A08F-73CE227524E3}.Release|x64.Build.0 = Release|Any CPU
		{D5040DDE-6460-434E-A08F-73CE227524E3}.Release|x86.ActiveCfg = Release|Any CPU
		{D5040DDE-6460-434E-A08F-73CE227524E3}.Release|x86.Build.0 = Release|Any CPU
		{67A75575-3187-40DE-B82E-75A4522707D2}.Debug|Any CPU.ActiveCfg = Debug|Any CPU
		{67A75575-3187-40DE-B82E-75A4522707D2}.Debug|Any CPU.Build.0 = Debug|Any CPU
		{67A75575-3187-40DE-B82E-75A4522707D2}.Debug|x64.ActiveCfg = Debug|Any CPU
		{67A75575-3187-40DE-B82E-75A4522707D2}.Debug|x64.Build.0 = Debug|Any CPU
		{67A75575-3187-40DE-B82E-75A4522707D2}.Debug|x86.ActiveCfg = Debug|Any CPU
		{67A75575-3187-40DE-B82E-75A4522707D2}.Debug|x86.Build.0 = Debug|Any CPU
		{67A75575-3187-40DE-B82E-75A4522707D2}.Release|Any CPU.ActiveCfg = Release|Any CPU
		{67A75575-3187-40DE-B82E-75A4522707D2}.Release|Any CPU.Build.0 = Release|Any CPU
		{67A75575-3187-40DE-B82E-75A4522707D2}.Release|x64.ActiveCfg = Release|Any CPU
		{67A75575-3187-40DE-B82E-75A4522707D2}.Release|x64.Build.0 = Release|Any CPU
		{67A75575-3187-40DE-B82E-75A4522707D2}.Release|x86.ActiveCfg = Release|Any CPU
		{67A75575-3187-40DE-B82E-75A4522707D2}.Release|x86.Build.0 = Release|Any CPU
		{9C1A6F47-0E7E-4E5C-8B5F-5A0F2D6D9A11}.Debug|Any CPU.ActiveCfg = Debug|x64
		{9C1A6F47-0E7E-4E5C-8B5F-5A0F2D6D9A11}.Debug|Any CPU.Build.0 = Debug|x64
		{9C1A6F47-0E7E-4E5C-8B5F-5A0F2D6D9A11}.Debug|Any CPU.Deploy.0 = Debug|x64
		{9C1A6F47-0E7E-4E5C-8B5F-5A0F2D6D9A11}.Debug|x64.ActiveCfg = Debug|x64
		{9C1A6F47-0E7E-4E5C-8B5F-5A0F2D6D9A11}.Debug|x64.Build.0 = Debug|x64
		{9C1A6F47-0E7E-4E5C-8B5F-5A0F2D6D9A11}.Debug|x86.ActiveCfg = Debug|x64
		{9C1A6F47-0E7E-4E5C-8B5F-5A0F2D6D9A11}.Debug|x86.Build.0 = Debug|x64
		{9C1A6F47-0E7E-4E5C-8B5F-5A0F2D6D9A11}.Debug|x86.Deploy.0 = Debug|x64
		{9C1A6F47-0E7E-4E5C-8B5F-5A0F2D6D9A11}.Release|Any CPU.ActiveCfg = Release|x64
		{9C1A6F47-0E7E-4E5C-8B5F-5A0F2D6D9A11}.Release|Any CPU.Build.0 = Release|x64
		{9C1A6F47-0E7E-4E5C-8B5F-5A0F2D6D9A11}.Release|Any CPU.Deploy.0 = Release|x64
		{9C1A6F47-0E7E-4E5C-8B5F-5A0F2D6D9A11}.Release|x64.ActiveCfg = Release|x64
		{9C1A6F47-0E7E-4E5C-8B5F-5A0F2D6D9A11}.Release|x64.Build.0 = Release|x64
		{9C1A6F47-0E7E-4E5C-8B5F-5A0F2D6D9A11}.Release|x86.ActiveCfg = Release|x64
		{9C1A6F47-0E7E-4E5C-8B5F-5A0F2D6D9A11}.Release|x86.Build.0 = Release|x64
		{9C1A6F47-0E7E-4E5C-8B5F-5A0F2D6D9A11}.Release|x86.Deploy.0 = Release|x64
	EndGlobalSection
	GlobalSection(SolutionProperties) = preSolution
		HideSolutionNode = FALSE
	EndGlobalSection
	GlobalSection(NestedProjects) = preSolution
		{8E1B9AD5-8D80-4799-838A-D0472BA6A8D6} = {827E0CD3-B72D-47B6-A68D-7590B98EB39B}
		{C1B47C63-C543-4DB0-B0E2-8C797264F3BB} = {827E0CD3-B72D-47B6-A68D-7590B98EB39B}
		{8D7B54F4-00A0-4EF6-A8A3-35B8D6539CB7} = {827E0CD3-B72D-47B6-A68D-7590B98EB39B}
		{350EE5F8-613E-4E2D-AA84-0DF702F7A477} = {0AB3BF05-4346-4AA6-1389-037BE0695223}
		{2ACE0D60-113F-45B3-9A51-42AA02AF6013} = {0AB3BF05-4346-4AA6-1389-037BE0695223}
		{44A65C28-672F-43D0-A650-A9D89C10D431} = {0AB3BF05-4346-4AA6-1389-037BE0695223}
		{0CDDBDEA-77F3-46A7-BA64-C172FECC6631} = {827E0CD3-B72D-47B6-A68D-7590B98EB39B}
		{D155993E-0BFF-4564-A8F9-BE93CE6E6598} = {0AB3BF05-4346-4AA6-1389-037BE0695223}
		{D5040DDE-6460-434E-A08F-73CE227524E3} = {827E0CD3-B72D-47B6-A68D-7590B98EB39B}
		{67A75575-3187-40DE-B82E-75A4522707D2} = {827E0CD3-B72D-47B6-A68D-7590B98EB39B}
		{9C1A6F47-0E7E-4E5C-8B5F-5A0F2D6D9A11} = {827E0CD3-B72D-47B6-A68D-7590B98EB39B}
	EndGlobalSection
EndGlobal
